Microsoft Visual Studio Solution File, Format Version 12.00
# Visual Studio Version 17
VisualStudioVersion = 17.5.2.0
MinimumVisualStudioVersion = 10.0.40219.1
Project("{FAE04EC0-301F-11D3-BF4B-00C04F79EFBC}") = "House", "House.csproj", "{FD0C5574-06B6-A274-BF50-A593576BA09B}"
EndProject
Global
	GlobalSection(SolutionConfigurationPlatforms) = preSolution
		Debug|Any CPU = Debug|Any CPU
		Release|Any CPU = Release|Any CPU
	EndGlobalSection
	GlobalSection(ProjectConfigurationPlatforms) = postSolution
		{FD0C5574-06B6-A274-BF50-A593576BA09B}.Debug|Any CPU.ActiveCfg = Debug|Any CPU
		{FD0C5574-06B6-A274-BF50-A593576BA09B}.Debug|Any CPU.Build.0 = Debug|Any CPU
		{FD0C5574-06B6-A274-BF50-A593576BA09B}.Release|Any CPU.ActiveCfg = Release|Any CPU
		{FD0C5574-06B6-A274-BF50-A593576BA09B}.Release|Any CPU.Build.0 = Release|Any CPU
	EndGlobalSection
	GlobalSection(SolutionProperties) = preSolution
		HideSolutionNode = FALSE
	EndGlobalSection
	GlobalSection(ExtensibilityGlobals) = postSolution
		SolutionGuid = {D38485C4-8179-446B-B091-3A5FDFD13568}
	EndGlobalSection
EndGlobal
